
Microsoft Visual Studio Solution File, Format Version 12.00
# Visual Studio 15
VisualStudioVersion = 15.0.27428.2015
MinimumVisualStudioVersion = 10.0.40219.1
Project("{FAE04EC0-301F-11D3-BF4B-00C04F79EFBC}") = "B18 Ex02", "B18 Ex02\B18 Ex02.csproj", "{0E26C57F-CEB7-4AB7-AEEB-273318354205}"
EndProject
Global
	GlobalSection(SolutionConfigurationPlatforms) = preSolution
		Debug|Any CPU = Debug|Any CPU
		Release|Any CPU = Release|Any CPU
	EndGlobalSection
	GlobalSection(ProjectConfigurationPlatforms) = postSolution
		{0E26C57F-CEB7-4AB7-AEEB-273318354205}.Debug|Any CPU.ActiveCfg = Debug|Any CPU
		{0E26C57F-CEB7-4AB7-AEEB-273318354205}.Debug|Any CPU.Build.0 = Debug|Any CPU
		{0E26C57F-CEB7-4AB7-AEEB-273318354205}.Release|Any CPU.ActiveCfg = Release|Any CPU
		{0E26C57F-CEB7-4AB7-AEEB-273318354205}.Release|Any CPU.Build.0 = Release|Any CPU
	EndGlobalSection
	GlobalSection(SolutionProperties) = preSolution
		HideSolutionNode = FALSE
	EndGlobalSection
	GlobalSection(ExtensibilityGlobals) = postSolution
		SolutionGuid = {13C7C13B-13FA-4A6C-966F-98100BF9B765}
	EndGlobalSection
EndGlobal
